
Microsoft Visual Studio Solution File, Format Version 12.00
# Visual Studio 14
VisualStudioVersion = 14.0.25420.1
MinimumVisualStudioVersion = 10.0.40219.1
Project("{FAE04EC0-301F-11D3-BF4B-00C04F79EFBC}") = "SignalRDemo", "SignalRDemo\SignalRDemo.csproj", "{A594234D-35F3-48B1-8851-079CF68F3C7A}"
EndProject
Project("{FAE04EC0-301F-11D3-BF4B-00C04F79EFBC}") = "SignalRDemo.Tests", "SignalRDemo.Tests\SignalRDemo.Tests.csproj", "{7AA6F66D-B83C-4913-A47D-F49E8DEABEA0}"
EndProject
Project("{FAE04EC0-301F-11D3-BF4B-00C04F79EFBC}") = "MQ", "MQ\MQ.csproj", "{08BBC077-2B5A-4938-8038-9132852DDC3C}"
EndProject
Project("{2150E333-8FDC-42A3-9474-1A3956D46DE8}") = "IoC", "IoC", "{2546293A-D286-490C-A88A-B3A5AAC60E6A}"
EndProject
Project("{FAE04EC0-301F-11D3-BF4B-00C04F79EFBC}") = "SRD.Model", "SRD.Model\SRD.Model.csproj", "{2B8BAD74-37FE-4097-A888-54E1A635362C}"
EndProject
Project("{2150E333-8FDC-42A3-9474-1A3956D46DE8}") = "Core", "Core", "{71819091-A424-415B-B484-0513A5D7A36D}"
EndProject
Project("{FAE04EC0-301F-11D3-BF4B-00C04F79EFBC}") = "SRD.Core", "SRD.Core\SRD.Core.csproj", "{416E4396-7B65-48FC-944D-87AC3593A595}"
EndProject
Project("{FAE04EC0-301F-11D3-BF4B-00C04F79EFBC}") = "SRD.Helper", "SRD.Helper\SRD.Helper.csproj", "{2CD04D17-C63C-4603-A95A-DFCE5AE444AB}"
EndProject
Global
	GlobalSection(SolutionConfigurationPlatforms) = preSolution
		Debug|Any CPU = Debug|Any CPU
		Release|Any CPU = Release|Any CPU
	EndGlobalSection
	GlobalSection(ProjectConfigurationPlatforms) = postSolution
		{A594234D-35F3-48B1-8851-079CF68F3C7A}.Debug|Any CPU.ActiveCfg = Debug|Any CPU
		{A594234D-35F3-48B1-8851-079CF68F3C7A}.Debug|Any CPU.Build.0 = Debug|Any CPU
		{A594234D-35F3-48B1-8851-079CF68F3C7A}.Release|Any CPU.ActiveCfg = Release|Any CPU
		{A594234D-35F3-48B1-8851-079CF68F3C7A}.Release|Any CPU.Build.0 = Release|Any CPU
		{7AA6F66D-B83C-4913-A47D-F49E8DEABEA0}.Debug|Any CPU.ActiveCfg = Debug|Any CPU
		{7AA6F66D-B83C-4913-A47D-F49E8DEABEA0}.Debug|Any CPU.Build.0 = Debug|Any CPU
		{7AA6F66D-B83C-4913-A47D-F49E8DEABEA0}.Release|Any CPU.ActiveCfg = Release|Any CPU
		{7AA6F66D-B83C-4913-A47D-F49E8DEABEA0}.Release|Any CPU.Build.0 = Release|Any CPU
		{08BBC077-2B5A-4938-8038-9132852DDC3C}.Debug|Any CPU.ActiveCfg = Debug|Any CPU
		{08BBC077-2B5A-4938-8038-9132852DDC3C}.Debug|Any CPU.Build.0 = Debug|Any CPU
		{08BBC077-2B5A-4938-8038-9132852DDC3C}.Release|Any CPU.ActiveCfg = Release|Any CPU
		{08BBC077-2B5A-4938-8038-9132852DDC3C}.Release|Any CPU.Build.0 = Release|Any CPU
		{2B8BAD74-37FE-4097-A888-54E1A635362C}.Debug|Any CPU.ActiveCfg = Debug|Any CPU
		{2B8BAD74-37FE-4097-A888-54E1A635362C}.Debug|Any CPU.Build.0 = Debug|Any CPU
		{2B8BAD74-37FE-4097-A888-54E1A635362C}.Release|Any CPU.ActiveCfg = Release|Any CPU
		{2B8BAD74-37FE-4097-A888-54E1A635362C}.Release|Any CPU.Build.0 = Release|Any CPU
		{416E4396-7B65-48FC-944D-87AC3593A595}.Debug|Any CPU.ActiveCfg = Debug|Any CPU
		{416E4396-7B65-48FC-944D-87AC3593A595}.Debug|Any CPU.Build.0 = Debug|Any CPU
		{416E4396-7B65-48FC-944D-87AC3593A595}.Release|Any CPU.ActiveCfg = Release|Any CPU
		{416E4396-7B65-48FC-944D-87AC3593A595}.Release|Any CPU.Build.0 = Release|Any CPU
		{2CD04D17-C63C-4603-A95A-DFCE5AE444AB}.Debug|Any CPU.ActiveCfg = Debug|Any CPU
		{2CD04D17-C63C-4603-A95A-DFCE5AE444AB}.Debug|Any CPU.Build.0 = Debug|Any CPU
		{2CD04D17-C63C-4603-A95A-DFCE5AE444AB}.Release|Any CPU.ActiveCfg = Release|Any CPU
		{2CD04D17-C63C-4603-A95A-DFCE5AE444AB}.Release|Any CPU.Build.0 = Release|Any CPU
	EndGlobalSection
	GlobalSection(SolutionProperties) = preSolution
		HideSolutionNode = FALSE
	EndGlobalSection
	GlobalSection(NestedProjects) = preSolution
		{08BBC077-2B5A-4938-8038-9132852DDC3C} = {71819091-A424-415B-B484-0513A5D7A36D}
		{2B8BAD74-37FE-4097-A888-54E1A635362C} = {2546293A-D286-490C-A88A-B3A5AAC60E6A}
		{416E4396-7B65-48FC-944D-87AC3593A595} = {71819091-A424-415B-B484-0513A5D7A36D}
		{2CD04D17-C63C-4603-A95A-DFCE5AE444AB} = {71819091-A424-415B-B484-0513A5D7A36D}
	EndGlobalSection
EndGlobal
