
Microsoft Visual Studio Solution File, Format Version 12.00
# Visual Studio 2013
VisualStudioVersion = 12.0.30501.0
MinimumVisualStudioVersion = 10.0.40219.1
Project("{FAE04EC0-301F-11D3-BF4B-00C04F79EFBC}") = "SignalRDemo", "SignalRDemo\SignalRDemo.csproj", "{A594234D-35F3-48B1-8851-079CF68F3C7A}"
EndProject
Project("{FAE04EC0-301F-11D3-BF4B-00C04F79EFBC}") = "SignalRDemo.Tests", "SignalRDemo.Tests\SignalRDemo.Tests.csproj", "{7AA6F66D-B83C-4913-A47D-F49E8DEABEA0}"
EndProject
Project("{2150E333-8FDC-42A3-9474-1A3956D46DE8}") = "Core", "Core", "{A8A42531-364D-4719-A823-CD89543D1DE9}"
EndProject
Project("{FAE04EC0-301F-11D3-BF4B-00C04F79EFBC}") = "SRD.Core", "SRD.Core\SRD.Core.csproj", "{4A1616E8-615C-4035-B251-18238D15C448}"
EndProject
Project("{FAE04EC0-301F-11D3-BF4B-00C04F79EFBC}") = "SRD.Helper", "SRD.Helper\SRD.Helper.csproj", "{9633D1B0-5FF5-4F40-A22C-9FA57B073CB0}"
EndProject
Project("{2150E333-8FDC-42A3-9474-1A3956D46DE8}") = "IoC", "IoC", "{32D22FAF-98AE-486C-BC54-1267418ABC4C}"
EndProject
Project("{FAE04EC0-301F-11D3-BF4B-00C04F79EFBC}") = "SRD.Model", "SRD.Model\SRD.Model.csproj", "{6F568E69-2E85-46B6-B14F-A88FF9985A63}"
EndProject
Project("{2150E333-8FDC-42A3-9474-1A3956D46DE8}") = ".nuget", ".nuget", "{CAB0E2C1-F981-4E29-ABC9-527727BB5BBE}"
	ProjectSection(SolutionItems) = preProject
		.nuget\packages.config = .nuget\packages.config
	EndProjectSection
EndProject
Project("{FAE04EC0-301F-11D3-BF4B-00C04F79EFBC}") = "MQ", "MQ\MQ.csproj", "{08BBC077-2B5A-4938-8038-9132852DDC3C}"
EndProject
Project("{FAE04EC0-301F-11D3-BF4B-00C04F79EFBC}") = "SRD.Repository", "SRD.Repository\SRD.Repository.csproj", "{2D87C30A-E23B-4EA9-B089-C088C7FC211C}"
EndProject
Project("{FAE04EC0-301F-11D3-BF4B-00C04F79EFBC}") = "SRD.MongoBLL", "SRD.MongoBLL\SRD.MongoBLL.csproj", "{FFDDF5D4-23D6-4950-90C9-2B7CC6DEC4CE}"
EndProject
Project("{FAE04EC0-301F-11D3-BF4B-00C04F79EFBC}") = "SRD.MongoDao", "SRD.MongoDao\SRD.MongoDao.csproj", "{AE2884B6-EA66-47DB-B575-C9ED9F2DC79D}"
EndProject
Global
	GlobalSection(SolutionConfigurationPlatforms) = preSolution
		Debug|Any CPU = Debug|Any CPU
		Release|Any CPU = Release|Any CPU
	EndGlobalSection
	GlobalSection(ProjectConfigurationPlatforms) = postSolution
		{A594234D-35F3-48B1-8851-079CF68F3C7A}.Debug|Any CPU.ActiveCfg = Debug|Any CPU
		{A594234D-35F3-48B1-8851-079CF68F3C7A}.Debug|Any CPU.Build.0 = Debug|Any CPU
		{A594234D-35F3-48B1-8851-079CF68F3C7A}.Release|Any CPU.ActiveCfg = Release|Any CPU
		{A594234D-35F3-48B1-8851-079CF68F3C7A}.Release|Any CPU.Build.0 = Release|Any CPU
		{7AA6F66D-B83C-4913-A47D-F49E8DEABEA0}.Debug|Any CPU.ActiveCfg = Debug|Any CPU
		{7AA6F66D-B83C-4913-A47D-F49E8DEABEA0}.Debug|Any CPU.Build.0 = Debug|Any CPU
		{7AA6F66D-B83C-4913-A47D-F49E8DEABEA0}.Release|Any CPU.ActiveCfg = Release|Any CPU
		{7AA6F66D-B83C-4913-A47D-F49E8DEABEA0}.Release|Any CPU.Build.0 = Release|Any CPU
		{4A1616E8-615C-4035-B251-18238D15C448}.Debug|Any CPU.ActiveCfg = Debug|Any CPU
		{4A1616E8-615C-4035-B251-18238D15C448}.Debug|Any CPU.Build.0 = Debug|Any CPU
		{4A1616E8-615C-4035-B251-18238D15C448}.Release|Any CPU.ActiveCfg = Release|Any CPU
		{4A1616E8-615C-4035-B251-18238D15C448}.Release|Any CPU.Build.0 = Release|Any CPU
		{9633D1B0-5FF5-4F40-A22C-9FA57B073CB0}.Debug|Any CPU.ActiveCfg = Debug|Any CPU
		{9633D1B0-5FF5-4F40-A22C-9FA57B073CB0}.Debug|Any CPU.Build.0 = Debug|Any CPU
		{9633D1B0-5FF5-4F40-A22C-9FA57B073CB0}.Release|Any CPU.ActiveCfg = Release|Any CPU
		{9633D1B0-5FF5-4F40-A22C-9FA57B073CB0}.Release|Any CPU.Build.0 = Release|Any CPU
		{6F568E69-2E85-46B6-B14F-A88FF9985A63}.Debug|Any CPU.ActiveCfg = Debug|Any CPU
		{6F568E69-2E85-46B6-B14F-A88FF9985A63}.Debug|Any CPU.Build.0 = Debug|Any CPU
		{6F568E69-2E85-46B6-B14F-A88FF9985A63}.Release|Any CPU.ActiveCfg = Release|Any CPU
		{6F568E69-2E85-46B6-B14F-A88FF9985A63}.Release|Any CPU.Build.0 = Release|Any CPU
		{08BBC077-2B5A-4938-8038-9132852DDC3C}.Debug|Any CPU.ActiveCfg = Debug|Any CPU
		{08BBC077-2B5A-4938-8038-9132852DDC3C}.Debug|Any CPU.Build.0 = Debug|Any CPU
		{08BBC077-2B5A-4938-8038-9132852DDC3C}.Release|Any CPU.ActiveCfg = Release|Any CPU
		{08BBC077-2B5A-4938-8038-9132852DDC3C}.Release|Any CPU.Build.0 = Release|Any CPU
		{2D87C30A-E23B-4EA9-B089-C088C7FC211C}.Debug|Any CPU.ActiveCfg = Debug|Any CPU
		{2D87C30A-E23B-4EA9-B089-C088C7FC211C}.Debug|Any CPU.Build.0 = Debug|Any CPU
		{2D87C30A-E23B-4EA9-B089-C088C7FC211C}.Release|Any CPU.ActiveCfg = Release|Any CPU
		{2D87C30A-E23B-4EA9-B089-C088C7FC211C}.Release|Any CPU.Build.0 = Release|Any CPU
		{FFDDF5D4-23D6-4950-90C9-2B7CC6DEC4CE}.Debug|Any CPU.ActiveCfg = Debug|Any CPU
		{FFDDF5D4-23D6-4950-90C9-2B7CC6DEC4CE}.Debug|Any CPU.Build.0 = Debug|Any CPU
		{FFDDF5D4-23D6-4950-90C9-2B7CC6DEC4CE}.Release|Any CPU.ActiveCfg = Release|Any CPU
		{FFDDF5D4-23D6-4950-90C9-2B7CC6DEC4CE}.Release|Any CPU.Build.0 = Release|Any CPU
		{AE2884B6-EA66-47DB-B575-C9ED9F2DC79D}.Debug|Any CPU.ActiveCfg = Debug|Any CPU
		{AE2884B6-EA66-47DB-B575-C9ED9F2DC79D}.Debug|Any CPU.Build.0 = Debug|Any CPU
		{AE2884B6-EA66-47DB-B575-C9ED9F2DC79D}.Release|Any CPU.ActiveCfg = Release|Any CPU
		{AE2884B6-EA66-47DB-B575-C9ED9F2DC79D}.Release|Any CPU.Build.0 = Release|Any CPU
	EndGlobalSection
	GlobalSection(SolutionProperties) = preSolution
		HideSolutionNode = FALSE
	EndGlobalSection
	GlobalSection(NestedProjects) = preSolution
		{4A1616E8-615C-4035-B251-18238D15C448} = {A8A42531-364D-4719-A823-CD89543D1DE9}
		{9633D1B0-5FF5-4F40-A22C-9FA57B073CB0} = {A8A42531-364D-4719-A823-CD89543D1DE9}
		{6F568E69-2E85-46B6-B14F-A88FF9985A63} = {32D22FAF-98AE-486C-BC54-1267418ABC4C}
		{08BBC077-2B5A-4938-8038-9132852DDC3C} = {A8A42531-364D-4719-A823-CD89543D1DE9}
		{2D87C30A-E23B-4EA9-B089-C088C7FC211C} = {A8A42531-364D-4719-A823-CD89543D1DE9}
		{FFDDF5D4-23D6-4950-90C9-2B7CC6DEC4CE} = {32D22FAF-98AE-486C-BC54-1267418ABC4C}
		{AE2884B6-EA66-47DB-B575-C9ED9F2DC79D} = {32D22FAF-98AE-486C-BC54-1267418ABC4C}
	EndGlobalSection
EndGlobal
